
Microsoft Visual Studio Solution File, Format Version 12.00
# Visual Studio Version 17
VisualStudioVersion = 17.11.35327.3
MinimumVisualStudioVersion = 10.0.40219.1
Project("{9A19103F-16F7-4668-BE54-9A1E7A4F7556}") = "Collections and Reflections", "Stack\Collections and Reflections.csproj", "{A8213AFB-22E2-40FA-BFFB-8637AE10809F}"
EndProject
Global
	GlobalSection(SolutionConfigurationPlatforms) = preSolution
		Debug|Any CPU = Debug|Any CPU
		Release|Any CPU = Release|Any CPU
	EndGlobalSection
	GlobalSection(ProjectConfigurationPlatforms) = postSolution
		{A8213AFB-22E2-40FA-BFFB-8637AE10809F}.Debug|Any CPU.ActiveCfg = Debug|Any CPU
		{A8213AFB-22E2-40FA-BFFB-8637AE10809F}.Debug|Any CPU.Build.0 = Debug|Any CPU
		{A8213AFB-22E2-40FA-BFFB-8637AE10809F}.Release|Any CPU.ActiveCfg = Release|Any CPU
		{A8213AFB-22E2-40FA-BFFB-8637AE10809F}.Release|Any CPU.Build.0 = Release|Any CPU
	EndGlobalSection
	GlobalSection(SolutionProperties) = preSolution
		HideSolutionNode = FALSE
	EndGlobalSection
	GlobalSection(ExtensibilityGlobals) = postSolution
		SolutionGuid = {2375E2EF-14B6-4488-A1AC-2DFEBAA20955}
	EndGlobalSection
EndGlobal
